
Microsoft Visual Studio Solution File, Format Version 12.00
# Visual Studio 15
VisualStudioVersion = 15.0.27703.2042
MinimumVisualStudioVersion = 10.0.40219.1
Project("{FAE04EC0-301F-11D3-BF4B-00C04F79EFBC}") = "EasyWord.Core", "EasyWord.Core\EasyWord.Core.csproj", "{1E41DDD5-1BAA-40B1-95DE-B11EF1DF8500}"
EndProject
Project("{FAE04EC0-301F-11D3-BF4B-00C04F79EFBC}") = "EasyWord.Test", "EasyWord.Test\EasyWord.Test.csproj", "{103D9524-04D0-45A5-9397-016B3E848BBA}"
EndProject
Global
	GlobalSection(SolutionConfigurationPlatforms) = preSolution
		Debug|Any CPU = Debug|Any CPU
		Release|Any CPU = Release|Any CPU
	EndGlobalSection
	GlobalSection(ProjectConfigurationPlatforms) = postSolution
		{1E41DDD5-1BAA-40B1-95DE-B11EF1DF8500}.Debug|Any CPU.ActiveCfg = Debug|Any CPU
		{1E41DDD5-1BAA-40B1-95DE-B11EF1DF8500}.Debug|Any CPU.Build.0 = Debug|Any CPU
		{1E41DDD5-1BAA-40B1-95DE-B11EF1DF8500}.Release|Any CPU.ActiveCfg = Release|Any CPU
		{1E41DDD5-1BAA-40B1-95DE-B11EF1DF8500}.Release|Any CPU.Build.0 = Release|Any CPU
		{103D9524-04D0-45A5-9397-016B3E848BBA}.Debug|Any CPU.ActiveCfg = Debug|Any CPU
		{103D9524-04D0-45A5-9397-016B3E848BBA}.Debug|Any CPU.Build.0 = Debug|Any CPU
		{103D9524-04D0-45A5-9397-016B3E848BBA}.Release|Any CPU.ActiveCfg = Release|Any CPU
		{103D9524-04D0-45A5-9397-016B3E848BBA}.Release|Any CPU.Build.0 = Release|Any CPU
	EndGlobalSection
	GlobalSection(SolutionProperties) = preSolution
		HideSolutionNode = FALSE
	EndGlobalSection
	GlobalSection(ExtensibilityGlobals) = postSolution
		SolutionGuid = {EBC338D1-3112-4767-A0C1-30337A70164F}
	EndGlobalSection
EndGlobal
